# This file was generated by Aiken
# You typically do not need to edit this file

[[requirements]]
name = "aiken-lang/stdlib"
version = "v3"
source = "github"

[[packages]]
name = "aiken-lang/stdlib"
version = "v3"
requirements = []
source = "github"

[etags]
"aiken-lang/stdlib@v3" = [{ secs_since_epoch = 1761114877, nanos_since_epoch = 518914000 }, "fc3e9698f2c46a18445511ece386a87f89e46e3eb6ec07520edbc33f619f7a9b"]
